// !$*UTF8*$!
{
	archiveVersion = 1;
	classes = {
	};
	objectVersion = 55;
	objects = {

/* Begin PBXBuildFile section */
		84B766AF279B0B900073452C /* AppDelegate.swift in Sources */ = {isa = PBXBuildFile; fileRef = 84B766AE279B0B900073452C /* AppDelegate.swift */; };
		84B766B1279B0B900073452C /* SceneDelegate.swift in Sources */ = {isa = PBXBuildFile; fileRef = 84B766B0279B0B900073452C /* SceneDelegate.swift */; };
		84B766B3279B0B900073452C /* ViewController.swift in Sources */ = {isa = PBXBuildFile; fileRef = 84B766B2279B0B900073452C /* ViewController.swift */; };
		84B766B6279B0B900073452C /* Main.storyboard in Resources */ = {isa = PBXBuildFile; fileRef = 84B766B4279B0B900073452C /* Main.storyboard */; };
		84B766B8279B0B910073452C /* Assets.xcassets in Resources */ = {isa = PBXBuildFile; fileRef = 84B766B7279B0B910073452C /* Assets.xcassets */; };
		84B766BB279B0B910073452C /* LaunchScreen.storyboard in Resources */ = {isa = PBXBuildFile; fileRef = 84B766B9279B0B910073452C /* LaunchScreen.storyboard */; };
		84B766C4279B0C220073452C /* DataSet.swift in Sources */ = {isa = PBXBuildFile; fileRef = 84B766C3279B0C220073452C /* DataSet.swift */; };
		84B766C7279B0C430073452C /* DataCheckerViewModel.swift in Sources */ = {isa = PBXBuildFile; fileRef = 84B766C6279B0C430073452C /* DataCheckerViewModel.swift */; };
		84B766C9279B0C780073452C /* Box.swift in Sources */ = {isa = PBXBuildFile; fileRef = 84B766C8279B0C780073452C /* Box.swift */; };
/* End PBXBuildFile section */

/* Begin PBXFileReference section */
		84B766AB279B0B900073452C /* dataChecker.app */ = {isa = PBXFileReference; explicitFileType = wrapper.application; includeInIndex = 0; path = dataChecker.app; sourceTree = BUILT_PRODUCTS_DIR; };
		84B766AE279B0B900073452C /* AppDelegate.swift */ = {isa = PBXFileReference; lastKnownFileType = sourcecode.swift; path = AppDelegate.swift; sourceTree = "<group>"; };
		84B766B0279B0B900073452C /* SceneDelegate.swift */ = {isa = PBXFileReference; lastKnownFileType = sourcecode.swift; path = SceneDelegate.swift; sourceTree = "<group>"; };
		84B766B2279B0B900073452C /* ViewController.swift */ = {isa = PBXFileReference; lastKnownFileType = sourcecode.swift; path = ViewController.swift; sourceTree = "<group>"; };
		84B766B5279B0B900073452C /* Base */ = {isa = PBXFileReference; lastKnownFileType = file.storyboard; name = Base; path = Base.lproj/Main.storyboard; sourceTree = "<group>"; };
		84B766B7279B0B910073452C /* Assets.xcassets */ = {isa = PBXFileReference; lastKnownFileType = folder.assetcatalog; path = Assets.xcassets; sourceTree = "<group>"; };
		84B766BA279B0B910073452C /* Base */ = {isa = PBXFileReference; lastKnownFileType = file.storyboard; name = Base; path = Base.lproj/LaunchScreen.storyboard; sourceTree = "<group>"; };
		84B766BC279B0B910073452C /* Info.plist */ = {isa = PBXFileReference; lastKnownFileType = text.plist.xml; path = Info.plist; sourceTree = "<group>"; };
		84B766C3279B0C220073452C /* DataSet.swift */ = {isa = PBXFileReference; lastKnownFileType = sourcecode.swift; path = DataSet.swift; sourceTree = "<group>"; };
		84B766C6279B0C430073452C /* DataCheckerViewModel.swift */ = {isa = PBXFileReference; lastKnownFileType = sourcecode.swift; path = DataCheckerViewModel.swift; sourceTree = "<group>"; };
		84B766C8279B0C780073452C /* Box.swift */ = {isa = PBXFileReference; lastKnownFileType = sourcecode.swift; path = Box.swift; sourceTree = "<group>"; };
/* End PBXFileReference section */

/* Begin PBXFrameworksBuildPhase section */
		84B766A8279B0B900073452C /* Frameworks */ = {
			isa = PBXFrameworksBuildPhase;
			buildActionMask = 2147483647;
			files = (
			);
			runOnlyForDeploymentPostprocessing = 0;
		};
/* End PBXFrameworksBuildPhase section */

/* Begin PBXGroup section */
		84B766A2279B0B900073452C = {
			isa = PBXGroup;
			children = (
				84B766AD279B0B900073452C /* dataChecker */,
				84B766AC279B0B900073452C /* Products */,
			);
			sourceTree = "<group>";
		};
		84B766AC279B0B900073452C /* Products */ = {
			isa = PBXGroup;
			children = (
				84B766AB279B0B900073452C /* dataChecker.app */,
			);
			name = Products;
			sourceTree = "<group>";
		};
		84B766AD279B0B900073452C /* dataChecker */ = {
			isa = PBXGroup;
			children = (
				84B766CA279D8B000073452C /* Views */,
				84B766C5279B0C2F0073452C /* View Model */,
				84B766C2279B0BA30073452C /* Model */,
				84B766CB279D8B140073452C /* Extras */,
				84B766AE279B0B900073452C /* AppDelegate.swift */,
				84B766B0279B0B900073452C /* SceneDelegate.swift */,
				84B766B7279B0B910073452C /* Assets.xcassets */,
				84B766B9279B0B910073452C /* LaunchScreen.storyboard */,
				84B766BC279B0B910073452C /* Info.plist */,
			);
			path = dataChecker;
			sourceTree = "<group>";
		};
		84B766C2279B0BA30073452C /* Model */ = {
			isa = PBXGroup;
			children = (
				84B766C3279B0C220073452C /* DataSet.swift */,
			);
			path = Model;
			sourceTree = "<group>";
		};
		84B766C5279B0C2F0073452C /* View Model */ = {
			isa = PBXGroup;
			children = (
				84B766C6279B0C430073452C /* DataCheckerViewModel.swift */,
			);
			path = "View Model";
			sourceTree = "<group>";
		};
		84B766CA279D8B000073452C /* Views */ = {
			isa = PBXGroup;
			children = (
				84B766B4279B0B900073452C /* Main.storyboard */,
				84B766B2279B0B900073452C /* ViewController.swift */,
			);
			path = Views;
			sourceTree = "<group>";
		};
		84B766CB279D8B140073452C /* Extras */ = {
			isa = PBXGroup;
			children = (
				84B766C8279B0C780073452C /* Box.swift */,
			);
			path = Extras;
			sourceTree = "<group>";
		};
/* End PBXGroup section */

/* Begin PBXNativeTarget section */
		84B766AA279B0B900073452C /* dataChecker */ = {
			isa = PBXNativeTarget;
			buildConfigurationList = 84B766BF279B0B910073452C /* Build configuration list for PBXNativeTarget "dataChecker" */;
			buildPhases = (
				84B766A7279B0B900073452C /* Sources */,
				84B766A8279B0B900073452C /* Frameworks */,
				84B766A9279B0B900073452C /* Resources */,
			);
			buildRules = (
			);
			dependencies = (
			);
			name = dataChecker;
			productName = dataChecker;
			productReference = 84B766AB279B0B900073452C /* dataChecker.app */;
			productType = "com.apple.product-type.application";
		};
/* End PBXNativeTarget section */

/* Begin PBXProject section */
		84B766A3279B0B900073452C /* Project object */ = {
			isa = PBXProject;
			attributes = {
				BuildIndependentTargetsInParallel = 1;
				LastSwiftUpdateCheck = 1320;
				LastUpgradeCheck = 1320;
				TargetAttributes = {
					84B766AA279B0B900073452C = {
						CreatedOnToolsVersion = 13.2.1;
					};
				};
			};
			buildConfigurationList = 84B766A6279B0B900073452C /* Build configuration list for PBXProject "dataChecker" */;
			compatibilityVersion = "Xcode 13.0";
			developmentRegion = en;
			hasScannedForEncodings = 0;
			knownRegions = (
				en,
				Base,
			);
			mainGroup = 84B766A2279B0B900073452C;
			productRefGroup = 84B766AC279B0B900073452C /* Products */;
			projectDirPath = "";
			projectRoot = "";
			targets = (
				84B766AA279B0B900073452C /* dataChecker */,
			);
		};
/* End PBXProject section */

/* Begin PBXResourcesBuildPhase section */
		84B766A9279B0B900073452C /* Resources */ = {
			isa = PBXResourcesBuildPhase;
			buildActionMask = 2147483647;
			files = (
				84B766BB279B0B910073452C /* LaunchScreen.storyboard in Resources */,
				84B766B8279B0B910073452C /* Assets.xcassets in Resources */,
				84B766B6279B0B900073452C /* Main.storyboard in Resources */,
			);
			runOnlyForDeploymentPostprocessing = 0;
		};
/* End PBXResourcesBuildPhase section */

/* Begin PBXSourcesBuildPhase section */
		84B766A7279B0B900073452C /* Sources */ = {
			isa = PBXSourcesBuildPhase;
			buildActionMask = 2147483647;
			files = (
				84B766B3279B0B900073452C /* ViewController.swift in Sources */,
				84B766AF279B0B900073452C /* AppDelegate.swift in Sources */,
				84B766C7279B0C430073452C /* DataCheckerViewModel.swift in Sources */,
				84B766C9279B0C780073452C /* Box.swift in Sources */,
				84B766C4279B0C220073452C /* DataSet.swift in Sources */,
				84B766B1279B0B900073452C /* SceneDelegate.swift in Sources */,
			);
			runOnlyForDeploymentPostprocessing = 0;
		};
/* End PBXSourcesBuildPhase section */

/* Begin PBXVariantGroup section */
		84B766B4279B0B900073452C /* Main.storyboard */ = {
			isa = PBXVariantGroup;
			children = (
				84B766B5279B0B900073452C /* Base */,
			);
			name = Main.storyboard;
			sourceTree = "<group>";
		};
		84B766B9279B0B910073452C /* LaunchScreen.storyboard */ = {
			isa = PBXVariantGroup;
			children = (
				84B766BA279B0B910073452C /* Base */,
			);
			name = LaunchScreen.storyboard;
			sourceTree = "<group>";
		};
/* End PBXVariantGroup section */

/* Begin XCBuildConfiguration section */
		84B766BD279B0B910073452C /* Debug */ = {
			isa = XCBuildConfiguration;
			buildSettings = {
				ALWAYS_SEARCH_USER_PATHS = NO;
				CLANG_ANALYZER_NONNULL = YES;
				CLANG_ANALYZER_NUMBER_OBJECT_CONVERSION = YES_AGGRESSIVE;
				CLANG_CXX_LANGUAGE_STANDARD = "gnu++17";
				CLANG_CXX_LIBRARY = "libc++";
				CLANG_ENABLE_MODULES = YES;
				CLANG_ENABLE_OBJC_ARC = YES;
				CLANG_ENABLE_OBJC_WEAK = YES;
				CLANG_WARN_BLOCK_CAPTURE_AUTORELEASING = YES;
				CLANG_WARN_BOOL_CONVERSION = YES;
				CLANG_WARN_COMMA = YES;
				CLANG_WARN_CONSTANT_CONVERSION = YES;
				CLANG_WARN_DEPRECATED_OBJC_IMPLEMENTATIONS = YES;
				CLANG_WARN_DIRECT_OBJC_ISA_USAGE = YES_ERROR;
				CLANG_WARN_DOCUMENTATION_COMMENTS = YES;
				CLANG_WARN_EMPTY_BODY = YES;
				CLANG_WARN_ENUM_CONVERSION = YES;
				CLANG_WARN_INFINITE_RECURSION = YES;
				CLANG_WARN_INT_CONVERSION = YES;
				CLANG_WARN_NON_LITERAL_NULL_CONVERSION = YES;
				CLANG_WARN_OBJC_IMPLICIT_RETAIN_SELF = YES;
				CLANG_WARN_OBJC_LITERAL_CONVERSION = YES;
				CLANG_WARN_OBJC_ROOT_CLASS = YES_ERROR;
				CLANG_WARN_QUOTED_INCLUDE_IN_FRAMEWORK_HEADER = YES;
				CLANG_WARN_RANGE_LOOP_ANALYSIS = YES;
				CLANG_WARN_STRICT_PROTOTYPES = YES;
				CLANG_WARN_SUSPICIOUS_MOVE = YES;
				CLANG_WARN_UNGUARDED_AVAILABILITY = YES_AGGRESSIVE;
				CLANG_WARN_UNREACHABLE_CODE = YES;
				CLANG_WARN__DUPLICATE_METHOD_MATCH = YES;
				COPY_PHASE_STRIP = NO;
				DEBUG_INFORMATION_FORMAT = dwarf;
				ENABLE_STRICT_OBJC_MSGSEND = YES;
				ENABLE_TESTABILITY = YES;
				GCC_C_LANGUAGE_STANDARD = gnu11;
				GCC_DYNAMIC_NO_PIC = NO;
				GCC_NO_COMMON_BLOCKS = YES;
				GCC_OPTIMIZATION_LEVEL = 0;
				GCC_PREPROCESSOR_DEFINITIONS = (
					"DEBUG=1",
					"$(inherited)",
				);
				GCC_WARN_64_TO_32_BIT_CONVERSION = YES;
				GCC_WARN_ABOUT_RETURN_TYPE = YES_ERROR;
				GCC_WARN_UNDECLARED_SELECTOR = YES;
				GCC_WARN_UNINITIALIZED_AUTOS = YES_AGGRESSIVE;
				GCC_WARN_UNUSED_FUNCTION = YES;
				GCC_WARN_UNUSED_VARIABLE = YES;
				IPHONEOS_DEPLOYMENT_TARGET = 15.2;
				MTL_ENABLE_DEBUG_INFO = INCLUDE_SOURCE;
				MTL_FAST_MATH = YES;
				ONLY_ACTIVE_ARCH = YES;
				SDKROOT = iphoneos;
				SWIFT_ACTIVE_COMPILATION_CONDITIONS = DEBUG;
				SWIFT_OPTIMIZATION_LEVEL = "-Onone";
			};
			name = Debug;
		};
		84B766BE279B0B910073452C /* Release */ = {
			isa = XCBuildConfiguration;
			buildSettings = {
				ALWAYS_SEARCH_USER_PATHS = NO;
				CLANG_ANALYZER_NONNULL = YES;
				CLANG_ANALYZER_NUMBER_OBJECT_CONVERSION = YES_AGGRESSIVE;
				CLANG_CXX_LANGUAGE_STANDARD = "gnu++17";
				CLANG_CXX_LIBRARY = "libc++";
				CLANG_ENABLE_MODULES = YES;
				CLANG_ENABLE_OBJC_ARC = YES;
				CLANG_ENABLE_OBJC_WEAK = YES;
				CLANG_WARN_BLOCK_CAPTURE_AUTORELEASING = YES;
				CLANG_WARN_BOOL_CONVERSION = YES;
				CLANG_WARN_COMMA = YES;
				CLANG_WARN_CONSTANT_CONVERSION = YES;
				CLANG_WARN_DEPRECATED_OBJC_IMPLEMENTATIONS = YES;
				CLANG_WARN_DIRECT_OBJC_ISA_USAGE = YES_ERROR;
				CLANG_WARN_DOCUMENTATION_COMMENTS = YES;
				CLANG_WARN_EMPTY_BODY = YES;
				CLANG_WARN_ENUM_CONVERSION = YES;
				CLANG_WARN_INFINITE_RECURSION = YES;
				CLANG_WARN_INT_CONVERSION = YES;
				CLANG_WARN_NON_LITERAL_NULL_CONVERSION = YES;
				CLANG_WARN_OBJC_IMPLICIT_RETAIN_SELF = YES;
				CLANG_WARN_OBJC_LITERAL_CONVERSION = YES;
				CLANG_WARN_OBJC_ROOT_CLASS = YES_ERROR;
				CLANG_WARN_QUOTED_INCLUDE_IN_FRAMEWORK_HEADER = YES;
				CLANG_WARN_RANGE_LOOP_ANALYSIS = YES;
				CLANG_WARN_STRICT_PROTOTYPES = YES;
				CLANG_WARN_SUSPICIOUS_MOVE = YES;
				CLANG_WARN_UNGUARDED_AVAILABILITY = YES_AGGRESSIVE;
				CLANG_WARN_UNREACHABLE_CODE = YES;
				CLANG_WARN__DUPLICATE_METHOD_MATCH = YES;
				COPY_PHASE_STRIP = NO;
				DEBUG_INFORMATION_FORMAT = "dwarf-with-dsym";
				ENABLE_NS_ASSERTIONS = NO;
				ENABLE_STRICT_OBJC_MSGSEND = YES;
				GCC_C_LANGUAGE_STANDARD = gnu11;
				GCC_NO_COMMON_BLOCKS = YES;
				GCC_WARN_64_TO_32_BIT_CONVERSION = YES;
				GCC_WARN_ABOUT_RETURN_TYPE = YES_ERROR;
				GCC_WARN_UNDECLARED_SELECTOR = YES;
				GCC_WARN_UNINITIALIZED_AUTOS = YES_AGGRESSIVE;
				GCC_WARN_UNUSED_FUNCTION = YES;
				GCC_WARN_UNUSED_VARIABLE = YES;
				IPHONEOS_DEPLOYMENT_TARGET = 15.2;
				MTL_ENABLE_DEBUG_INFO = NO;
				MTL_FAST_MATH = YES;
				SDKROOT = iphoneos;
				SWIFT_COMPILATION_MODE = wholemodule;
				SWIFT_OPTIMIZATION_LEVEL = "-O";
				VALIDATE_PRODUCT = YES;
			};
			name = Release;
		};
		84B766C0279B0B910073452C /* Debug */ = {
			isa = XCBuildConfiguration;
			buildSettings = {
				ASSETCATALOG_COMPILER_APPICON_NAME = AppIcon;
				ASSETCATALOG_COMPILER_GLOBAL_ACCENT_COLOR_NAME = AccentColor;
				CODE_SIGN_STYLE = Automatic;
				CURRENT_PROJECT_VERSION = 1;
				GENERATE_INFOPLIST_FILE = YES;
				INFOPLIST_FILE = dataChecker/Info.plist;
				INFOPLIST_KEY_UIApplicationSupportsIndirectInputEvents = YES;
				INFOPLIST_KEY_UILaunchStoryboardName = LaunchScreen;
				INFOPLIST_KEY_UIMainStoryboardFile = Main;
				INFOPLIST_KEY_UISupportedInterfaceOrientations_iPad = "UIInterfaceOrientationPortrait UIInterfaceOrientationPortraitUpsideDown UIInterfaceOrientationLandscapeLeft UIInterfaceOrientationLandscapeRight";
				INFOPLIST_KEY_UISupportedInterfaceOrientations_iPhone = "UIInterfaceOrientationPortrait UIInterfaceOrientationLandscapeLeft UIInterfaceOrientationLandscapeRight";
				LD_RUNPATH_SEARCH_PATHS = (
					"$(inherited)",
					"@executable_path/Frameworks",
				);
				MARKETING_VERSION = 1.0;
				PRODUCT_BUNDLE_IDENTIFIER = NasirH.dataChecker;
				PRODUCT_NAME = "$(TARGET_NAME)";
				SWIFT_EMIT_LOC_STRINGS = YES;
				SWIFT_VERSION = 5.0;
				TARGETED_DEVICE_FAMILY = "1,2";
			};
			name = Debug;
		};
		84B766C1279B0B910073452C /* Release */ = {
			isa = XCBuildConfiguration;
			buildSettings = {
				ASSETCATALOG_COMPILER_APPICON_NAME = AppIcon;
				ASSETCATALOG_COMPILER_GLOBAL_ACCENT_COLOR_NAME = AccentColor;
				CODE_SIGN_STYLE = Automatic;
				CURRENT_PROJECT_VERSION = 1;
				GENERATE_INFOPLIST_FILE = YES;
				INFOPLIST_FILE = dataChecker/Info.plist;
				INFOPLIST_KEY_UIApplicationSupportsIndirectInputEvents = YES;
				INFOPLIST_KEY_UILaunchStoryboardName = LaunchScreen;
				INFOPLIST_KEY_UIMainStoryboardFile = Main;
				INFOPLIST_KEY_UISupportedInterfaceOrientations_iPad = "UIInterfaceOrientationPortrait UIInterfaceOrientationPortraitUpsideDown UIInterfaceOrientationLandscapeLeft UIInterfaceOrientationLandscapeRight";
				INFOPLIST_KEY_UISupportedInterfaceOrientations_iPhone = "UIInterfaceOrientationPortrait UIInterfaceOrientationLandscapeLeft UIInterfaceOrientationLandscapeRight";
				LD_RUNPATH_SEARCH_PATHS = (
					"$(inherited)",
					"@executable_path/Frameworks",
				);
				MARKETING_VERSION = 1.0;
				PRODUCT_BUNDLE_IDENTIFIER = NasirH.dataChecker;
				PRODUCT_NAME = "$(TARGET_NAME)";
				SWIFT_EMIT_LOC_STRINGS = YES;
				SWIFT_VERSION = 5.0;
				TARGETED_DEVICE_FAMILY = "1,2";
			};
			name = Release;
		};
/* End XCBuildConfiguration section */

/* Begin XCConfigurationList section */
		84B766A6279B0B900073452C /* Build configuration list for PBXProject "dataChecker" */ = {
			isa = XCConfigurationList;
			buildConfigurations = (
				84B766BD279B0B910073452C /* Debug */,
				84B766BE279B0B910073452C /* Release */,
			);
			defaultConfigurationIsVisible = 0;
			defaultConfigurationName = Release;
		};
		84B766BF279B0B910073452C /* Build configuration list for PBXNativeTarget "dataChecker" */ = {
			isa = XCConfigurationList;
			buildConfigurations = (
				84B766C0279B0B910073452C /* Debug */,
				84B766C1279B0B910073452C /* Release */,
			);
			defaultConfigurationIsVisible = 0;
			defaultConfigurationName = Release;
		};
/* End XCConfigurationList section */
	};
	rootObject = 84B766A3279B0B900073452C /* Project object */;
}
